
Microsoft Visual Studio Solution File, Format Version 12.00
# Visual Studio Version 16
VisualStudioVersion = 16.0.30128.74
MinimumVisualStudioVersion = 10.0.40219.1
Project("{FAE04EC0-301F-11D3-BF4B-00C04F79EFBC}") = "SysModelBank", "SysModelBank\SysModelBank.csproj", "{A675A582-35EF-4BCA-BC0E-683F73F5879E}"
EndProject
Global
	GlobalSection(SolutionConfigurationPlatforms) = preSolution
		Debug|Any CPU = Debug|Any CPU
		Release|Any CPU = Release|Any CPU
	EndGlobalSection
	GlobalSection(ProjectConfigurationPlatforms) = postSolution
		{A675A582-35EF-4BCA-BC0E-683F73F5879E}.Debug|Any CPU.ActiveCfg = Debug|Any CPU
		{A675A582-35EF-4BCA-BC0E-683F73F5879E}.Debug|Any CPU.Build.0 = Debug|Any CPU
		{A675A582-35EF-4BCA-BC0E-683F73F5879E}.Release|Any CPU.ActiveCfg = Release|Any CPU
		{A675A582-35EF-4BCA-BC0E-683F73F5879E}.Release|Any CPU.Build.0 = Release|Any CPU
	EndGlobalSection
	GlobalSection(SolutionProperties) = preSolution
		HideSolutionNode = FALSE
	EndGlobalSection
	GlobalSection(ExtensibilityGlobals) = postSolution
		SolutionGuid = {6F66D04C-E23C-4DB4-82A1-3A622ECEE7E6}
	EndGlobalSection
EndGlobal
